// !$*UTF8*$!
{
	archiveVersion = 1;
	classes = {
	};
	objectVersion = 56;
	objects = {

/* Begin PBXBuildFile section */
		B91BFA4E2CAADF850041C995 /* TabBar.swift in Sources */ = {isa = PBXBuildFile; fileRef = B91BFA4D2CAADF850041C995 /* TabBar.swift */; };
		B91BFA502CAAE8BC0041C995 /* MyLocationView.swift in Sources */ = {isa = PBXBuildFile; fileRef = B91BFA4F2CAAE8BC0041C995 /* MyLocationView.swift */; };
		B91BFA522CAAE9250041C995 /* LocationView.swift in Sources */ = {isa = PBXBuildFile; fileRef = B91BFA512CAAE9250041C995 /* LocationView.swift */; };
		B91BFA542CAAEDF50041C995 /* SmallWeatherInfo.swift in Sources */ = {isa = PBXBuildFile; fileRef = B91BFA532CAAEDF50041C995 /* SmallWeatherInfo.swift */; };
		B9CD6D7A2CA15B6000B57F88 /* WeatherApp.swift in Sources */ = {isa = PBXBuildFile; fileRef = B9CD6D792CA15B6000B57F88 /* WeatherApp.swift */; };
		B9CD6D7C2CA15B6000B57F88 /* MainView.swift in Sources */ = {isa = PBXBuildFile; fileRef = B9CD6D7B2CA15B6000B57F88 /* MainView.swift */; };
		B9CD6D7E2CA15B6100B57F88 /* Assets.xcassets in Resources */ = {isa = PBXBuildFile; fileRef = B9CD6D7D2CA15B6100B57F88 /* Assets.xcassets */; };
		B9CD6D812CA15B6100B57F88 /* Preview Assets.xcassets in Resources */ = {isa = PBXBuildFile; fileRef = B9CD6D802CA15B6100B57F88 /* Preview Assets.xcassets */; };
		B9CD6D8B2CA15B6200B57F88 /* WeatherTests.swift in Sources */ = {isa = PBXBuildFile; fileRef = B9CD6D8A2CA15B6200B57F88 /* WeatherTests.swift */; };
		B9CD6D952CA15B6200B57F88 /* WeatherUITests.swift in Sources */ = {isa = PBXBuildFile; fileRef = B9CD6D942CA15B6200B57F88 /* WeatherUITests.swift */; };
		B9CD6D972CA15B6200B57F88 /* WeatherUITestsLaunchTests.swift in Sources */ = {isa = PBXBuildFile; fileRef = B9CD6D962CA15B6200B57F88 /* WeatherUITestsLaunchTests.swift */; };
		B9E8D6FC2CB3D3C500A779E6 /* ForecastOfDay.swift in Sources */ = {isa = PBXBuildFile; fileRef = B9E8D6FB2CB3D3C500A779E6 /* ForecastOfDay.swift */; };
		B9E8D6FE2CB3D53400A779E6 /* Divider.swift in Sources */ = {isa = PBXBuildFile; fileRef = B9E8D6FD2CB3D53400A779E6 /* Divider.swift */; };
		B9E8D7012CB3F23000A779E6 /* ComposableArchitecture in Frameworks */ = {isa = PBXBuildFile; productRef = B9E8D7002CB3F23000A779E6 /* ComposableArchitecture */; };
		B9E8D70B2CB3F8DC00A779E6 /* DailyWeather.swift in Sources */ = {isa = PBXBuildFile; fileRef = B9E8D70A2CB3F8DC00A779E6 /* DailyWeather.swift */; };
		B9E8D70D2CB3F94F00A779E6 /* HourlyWeather.swift in Sources */ = {isa = PBXBuildFile; fileRef = B9E8D70C2CB3F94F00A779E6 /* HourlyWeather.swift */; };
/* End PBXBuildFile section */

/* Begin PBXContainerItemProxy section */
		B9CD6D872CA15B6200B57F88 /* PBXContainerItemProxy */ = {
			isa = PBXContainerItemProxy;
			containerPortal = B9CD6D6E2CA15B6000B57F88 /* Project object */;
			proxyType = 1;
			remoteGlobalIDString = B9CD6D752CA15B6000B57F88;
			remoteInfo = Weather;
		};
		B9CD6D912CA15B6200B57F88 /* PBXContainerItemProxy */ = {
			isa = PBXContainerItemProxy;
			containerPortal = B9CD6D6E2CA15B6000B57F88 /* Project object */;
			proxyType = 1;
			remoteGlobalIDString = B9CD6D752CA15B6000B57F88;
			remoteInfo = Weather;
		};
/* End PBXContainerItemProxy section */

/* Begin PBXFileReference section */
		B91BFA4D2CAADF850041C995 /* TabBar.swift */ = {isa = PBXFileReference; lastKnownFileType = sourcecode.swift; path = TabBar.swift; sourceTree = "<group>"; };
		B91BFA4F2CAAE8BC0041C995 /* MyLocationView.swift */ = {isa = PBXFileReference; lastKnownFileType = sourcecode.swift; path = MyLocationView.swift; sourceTree = "<group>"; };
		B91BFA512CAAE9250041C995 /* LocationView.swift */ = {isa = PBXFileReference; lastKnownFileType = sourcecode.swift; path = LocationView.swift; sourceTree = "<group>"; };
		B91BFA532CAAEDF50041C995 /* SmallWeatherInfo.swift */ = {isa = PBXFileReference; lastKnownFileType = sourcecode.swift; path = SmallWeatherInfo.swift; sourceTree = "<group>"; };
		B9CD6D762CA15B6000B57F88 /* Weather.app */ = {isa = PBXFileReference; explicitFileType = wrapper.application; includeInIndex = 0; path = Weather.app; sourceTree = BUILT_PRODUCTS_DIR; };
		B9CD6D792CA15B6000B57F88 /* WeatherApp.swift */ = {isa = PBXFileReference; lastKnownFileType = sourcecode.swift; path = WeatherApp.swift; sourceTree = "<group>"; };
		B9CD6D7B2CA15B6000B57F88 /* MainView.swift */ = {isa = PBXFileReference; lastKnownFileType = sourcecode.swift; path = MainView.swift; sourceTree = "<group>"; };
		B9CD6D7D2CA15B6100B57F88 /* Assets.xcassets */ = {isa = PBXFileReference; lastKnownFileType = folder.assetcatalog; path = Assets.xcassets; sourceTree = "<group>"; };
		B9CD6D802CA15B6100B57F88 /* Preview Assets.xcassets */ = {isa = PBXFileReference; lastKnownFileType = folder.assetcatalog; path = "Preview Assets.xcassets"; sourceTree = "<group>"; };
		B9CD6D862CA15B6200B57F88 /* WeatherTests.xctest */ = {isa = PBXFileReference; explicitFileType = wrapper.cfbundle; includeInIndex = 0; path = WeatherTests.xctest; sourceTree = BUILT_PRODUCTS_DIR; };
		B9CD6D8A2CA15B6200B57F88 /* WeatherTests.swift */ = {isa = PBXFileReference; lastKnownFileType = sourcecode.swift; path = WeatherTests.swift; sourceTree = "<group>"; };
		B9CD6D902CA15B6200B57F88 /* WeatherUITests.xctest */ = {isa = PBXFileReference; explicitFileType = wrapper.cfbundle; includeInIndex = 0; path = WeatherUITests.xctest; sourceTree = BUILT_PRODUCTS_DIR; };
		B9CD6D942CA15B6200B57F88 /* WeatherUITests.swift */ = {isa = PBXFileReference; lastKnownFileType = sourcecode.swift; path = WeatherUITests.swift; sourceTree = "<group>"; };
		B9CD6D962CA15B6200B57F88 /* WeatherUITestsLaunchTests.swift */ = {isa = PBXFileReference; lastKnownFileType = sourcecode.swift; path = WeatherUITestsLaunchTests.swift; sourceTree = "<group>"; };
		B9E8D6FB2CB3D3C500A779E6 /* ForecastOfDay.swift */ = {isa = PBXFileReference; lastKnownFileType = sourcecode.swift; path = ForecastOfDay.swift; sourceTree = "<group>"; };
		B9E8D6FD2CB3D53400A779E6 /* Divider.swift */ = {isa = PBXFileReference; lastKnownFileType = sourcecode.swift; path = Divider.swift; sourceTree = "<group>"; };
		B9E8D70A2CB3F8DC00A779E6 /* DailyWeather.swift */ = {isa = PBXFileReference; lastKnownFileType = sourcecode.swift; path = DailyWeather.swift; sourceTree = "<group>"; };
		B9E8D70C2CB3F94F00A779E6 /* HourlyWeather.swift */ = {isa = PBXFileReference; lastKnownFileType = sourcecode.swift; path = HourlyWeather.swift; sourceTree = "<group>"; };
/* End PBXFileReference section */

/* Begin PBXFrameworksBuildPhase section */
		B9CD6D732CA15B6000B57F88 /* Frameworks */ = {
			isa = PBXFrameworksBuildPhase;
			buildActionMask = 2147483647;
			files = (
				B9E8D7012CB3F23000A779E6 /* ComposableArchitecture in Frameworks */,
			);
			runOnlyForDeploymentPostprocessing = 0;
		};
		B9CD6D832CA15B6200B57F88 /* Frameworks */ = {
			isa = PBXFrameworksBuildPhase;
			buildActionMask = 2147483647;
			files = (
			);
			runOnlyForDeploymentPostprocessing = 0;
		};
		B9CD6D8D2CA15B6200B57F88 /* Frameworks */ = {
			isa = PBXFrameworksBuildPhase;
			buildActionMask = 2147483647;
			files = (
			);
			runOnlyForDeploymentPostprocessing = 0;
		};
/* End PBXFrameworksBuildPhase section */

/* Begin PBXGroup section */
		B9CD6D6D2CA15B6000B57F88 = {
			isa = PBXGroup;
			children = (
				B9CD6D782CA15B6000B57F88 /* Weather */,
				B9CD6D892CA15B6200B57F88 /* WeatherTests */,
				B9CD6D932CA15B6200B57F88 /* WeatherUITests */,
				B9CD6D772CA15B6000B57F88 /* Products */,
			);
			sourceTree = "<group>";
		};
		B9CD6D772CA15B6000B57F88 /* Products */ = {
			isa = PBXGroup;
			children = (
				B9CD6D762CA15B6000B57F88 /* Weather.app */,
				B9CD6D862CA15B6200B57F88 /* WeatherTests.xctest */,
				B9CD6D902CA15B6200B57F88 /* WeatherUITests.xctest */,
			);
			name = Products;
			sourceTree = "<group>";
		};
		B9CD6D782CA15B6000B57F88 /* Weather */ = {
			isa = PBXGroup;
			children = (
				B9E8D7022CB3F7CE00A779E6 /* Application */,
				B9E8D7032CB3F7DF00A779E6 /* Data */,
				B9E8D7042CB3F7E800A779E6 /* Resources */,
			);
			path = Weather;
			sourceTree = "<group>";
		};
		B9CD6D7F2CA15B6100B57F88 /* Preview Content */ = {
			isa = PBXGroup;
			children = (
				B9CD6D802CA15B6100B57F88 /* Preview Assets.xcassets */,
			);
			path = "Preview Content";
			sourceTree = "<group>";
		};
		B9CD6D892CA15B6200B57F88 /* WeatherTests */ = {
			isa = PBXGroup;
			children = (
				B9CD6D8A2CA15B6200B57F88 /* WeatherTests.swift */,
			);
			path = WeatherTests;
			sourceTree = "<group>";
		};
		B9CD6D932CA15B6200B57F88 /* WeatherUITests */ = {
			isa = PBXGroup;
			children = (
				B9CD6D942CA15B6200B57F88 /* WeatherUITests.swift */,
				B9CD6D962CA15B6200B57F88 /* WeatherUITestsLaunchTests.swift */,
			);
			path = WeatherUITests;
			sourceTree = "<group>";
		};
		B9E8D7022CB3F7CE00A779E6 /* Application */ = {
			isa = PBXGroup;
			children = (
				B9E8D7052CB3F80800A779E6 /* Features */,
				B9CD6D792CA15B6000B57F88 /* WeatherApp.swift */,
			);
			path = Application;
			sourceTree = "<group>";
		};
		B9E8D7032CB3F7DF00A779E6 /* Data */ = {
			isa = PBXGroup;
			children = (
				B9E8D70A2CB3F8DC00A779E6 /* DailyWeather.swift */,
				B9E8D70C2CB3F94F00A779E6 /* HourlyWeather.swift */,
			);
			path = Data;
			sourceTree = "<group>";
		};
		B9E8D7042CB3F7E800A779E6 /* Resources */ = {
			isa = PBXGroup;
			children = (
				B9CD6D7D2CA15B6100B57F88 /* Assets.xcassets */,
				B9CD6D7F2CA15B6100B57F88 /* Preview Content */,
			);
			path = Resources;
			sourceTree = "<group>";
		};
		B9E8D7052CB3F80800A779E6 /* Features */ = {
			isa = PBXGroup;
			children = (
				B9E8D7092CB3F89000A779E6 /* Common */,
				B9E8D7082CB3F87B00A779E6 /* MyLocation */,
				B9E8D7072CB3F84500A779E6 /* Location */,
				B9E8D7062CB3F81400A779E6 /* Main */,
			);
			path = Features;
			sourceTree = "<group>";
		};
		B9E8D7062CB3F81400A779E6 /* Main */ = {
			isa = PBXGroup;
			children = (
				B91BFA4D2CAADF850041C995 /* TabBar.swift */,
				B9CD6D7B2CA15B6000B57F88 /* MainView.swift */,
			);
			path = Main;
			sourceTree = "<group>";
		};
		B9E8D7072CB3F84500A779E6 /* Location */ = {
			isa = PBXGroup;
			children = (
				B91BFA512CAAE9250041C995 /* LocationView.swift */,
			);
			path = Location;
			sourceTree = "<group>";
		};
		B9E8D7082CB3F87B00A779E6 /* MyLocation */ = {
			isa = PBXGroup;
			children = (
				B91BFA4F2CAAE8BC0041C995 /* MyLocationView.swift */,
			);
			path = MyLocation;
			sourceTree = "<group>";
		};
		B9E8D7092CB3F89000A779E6 /* Common */ = {
			isa = PBXGroup;
			children = (
				B91BFA532CAAEDF50041C995 /* SmallWeatherInfo.swift */,
				B9E8D6FB2CB3D3C500A779E6 /* ForecastOfDay.swift */,
				B9E8D6FD2CB3D53400A779E6 /* Divider.swift */,
			);
			path = Common;
			sourceTree = "<group>";
		};
/* End PBXGroup section */

/* Begin PBXNativeTarget section */
		B9CD6D752CA15B6000B57F88 /* Weather */ = {
			isa = PBXNativeTarget;
			buildConfigurationList = B9CD6D9A2CA15B6200B57F88 /* Build configuration list for PBXNativeTarget "Weather" */;
			buildPhases = (
				B9CD6D722CA15B6000B57F88 /* Sources */,
				B9CD6D732CA15B6000B57F88 /* Frameworks */,
				B9CD6D742CA15B6000B57F88 /* Resources */,
			);
			buildRules = (
			);
			dependencies = (
			);
			name = Weather;
			packageProductDependencies = (
				B9E8D7002CB3F23000A779E6 /* ComposableArchitecture */,
			);
			productName = Weather;
			productReference = B9CD6D762CA15B6000B57F88 /* Weather.app */;
			productType = "com.apple.product-type.application";
		};
		B9CD6D852CA15B6200B57F88 /* WeatherTests */ = {
			isa = PBXNativeTarget;
			buildConfigurationList = B9CD6D9D2CA15B6200B57F88 /* Build configuration list for PBXNativeTarget "WeatherTests" */;
			buildPhases = (
				B9CD6D822CA15B6200B57F88 /* Sources */,
				B9CD6D832CA15B6200B57F88 /* Frameworks */,
				B9CD6D842CA15B6200B57F88 /* Resources */,
			);
			buildRules = (
			);
			dependencies = (
				B9CD6D882CA15B6200B57F88 /* PBXTargetDependency */,
			);
			name = WeatherTests;
			productName = WeatherTests;
			productReference = B9CD6D862CA15B6200B57F88 /* WeatherTests.xctest */;
			productType = "com.apple.product-type.bundle.unit-test";
		};
		B9CD6D8F2CA15B6200B57F88 /* WeatherUITests */ = {
			isa = PBXNativeTarget;
			buildConfigurationList = B9CD6DA02CA15B6200B57F88 /* Build configuration list for PBXNativeTarget "WeatherUITests" */;
			buildPhases = (
				B9CD6D8C2CA15B6200B57F88 /* Sources */,
				B9CD6D8D2CA15B6200B57F88 /* Frameworks */,
				B9CD6D8E2CA15B6200B57F88 /* Resources */,
			);
			buildRules = (
			);
			dependencies = (
				B9CD6D922CA15B6200B57F88 /* PBXTargetDependency */,
			);
			name = WeatherUITests;
			productName = WeatherUITests;
			productReference = B9CD6D902CA15B6200B57F88 /* WeatherUITests.xctest */;
			productType = "com.apple.product-type.bundle.ui-testing";
		};
/* End PBXNativeTarget section */

/* Begin PBXProject section */
		B9CD6D6E2CA15B6000B57F88 /* Project object */ = {
			isa = PBXProject;
			attributes = {
				BuildIndependentTargetsInParallel = 1;
				LastSwiftUpdateCheck = 1540;
				LastUpgradeCheck = 1540;
				TargetAttributes = {
					B9CD6D752CA15B6000B57F88 = {
						CreatedOnToolsVersion = 15.4;
					};
					B9CD6D852CA15B6200B57F88 = {
						CreatedOnToolsVersion = 15.4;
						TestTargetID = B9CD6D752CA15B6000B57F88;
					};
					B9CD6D8F2CA15B6200B57F88 = {
						CreatedOnToolsVersion = 15.4;
						TestTargetID = B9CD6D752CA15B6000B57F88;
					};
				};
			};
			buildConfigurationList = B9CD6D712CA15B6000B57F88 /* Build configuration list for PBXProject "Weather" */;
			compatibilityVersion = "Xcode 14.0";
			developmentRegion = en;
			hasScannedForEncodings = 0;
			knownRegions = (
				en,
				Base,
			);
			mainGroup = B9CD6D6D2CA15B6000B57F88;
			packageReferences = (
				B9E8D6FF2CB3F22F00A779E6 /* XCRemoteSwiftPackageReference "swift-composable-architecture" */,
			);
			productRefGroup = B9CD6D772CA15B6000B57F88 /* Products */;
			projectDirPath = "";
			projectRoot = "";
			targets = (
				B9CD6D752CA15B6000B57F88 /* Weather */,
				B9CD6D852CA15B6200B57F88 /* WeatherTests */,
				B9CD6D8F2CA15B6200B57F88 /* WeatherUITests */,
			);
		};
/* End PBXProject section */

/* Begin PBXResourcesBuildPhase section */
		B9CD6D742CA15B6000B57F88 /* Resources */ = {
			isa = PBXResourcesBuildPhase;
			buildActionMask = 2147483647;
			files = (
				B9CD6D812CA15B6100B57F88 /* Preview Assets.xcassets in Resources */,
				B9CD6D7E2CA15B6100B57F88 /* Assets.xcassets in Resources */,
			);
			runOnlyForDeploymentPostprocessing = 0;
		};
		B9CD6D842CA15B6200B57F88 /* Resources */ = {
			isa = PBXResourcesBuildPhase;
			buildActionMask = 2147483647;
			files = (
			);
			runOnlyForDeploymentPostprocessing = 0;
		};
		B9CD6D8E2CA15B6200B57F88 /* Resources */ = {
			isa = PBXResourcesBuildPhase;
			buildActionMask = 2147483647;
			files = (
			);
			runOnlyForDeploymentPostprocessing = 0;
		};
/* End PBXResourcesBuildPhase section */

/* Begin PBXSourcesBuildPhase section */
		B9CD6D722CA15B6000B57F88 /* Sources */ = {
			isa = PBXSourcesBuildPhase;
			buildActionMask = 2147483647;
			files = (
				B91BFA542CAAEDF50041C995 /* SmallWeatherInfo.swift in Sources */,
				B9CD6D7C2CA15B6000B57F88 /* MainView.swift in Sources */,
				B91BFA502CAAE8BC0041C995 /* MyLocationView.swift in Sources */,
				B9E8D70D2CB3F94F00A779E6 /* HourlyWeather.swift in Sources */,
				B9CD6D7A2CA15B6000B57F88 /* WeatherApp.swift in Sources */,
				B91BFA522CAAE9250041C995 /* LocationView.swift in Sources */,
				B91BFA4E2CAADF850041C995 /* TabBar.swift in Sources */,
				B9E8D6FC2CB3D3C500A779E6 /* ForecastOfDay.swift in Sources */,
				B9E8D6FE2CB3D53400A779E6 /* Divider.swift in Sources */,
				B9E8D70B2CB3F8DC00A779E6 /* DailyWeather.swift in Sources */,
			);
			runOnlyForDeploymentPostprocessing = 0;
		};
		B9CD6D822CA15B6200B57F88 /* Sources */ = {
			isa = PBXSourcesBuildPhase;
			buildActionMask = 2147483647;
			files = (
				B9CD6D8B2CA15B6200B57F88 /* WeatherTests.swift in Sources */,
			);
			runOnlyForDeploymentPostprocessing = 0;
		};
		B9CD6D8C2CA15B6200B57F88 /* Sources */ = {
			isa = PBXSourcesBuildPhase;
			buildActionMask = 2147483647;
			files = (
				B9CD6D952CA15B6200B57F88 /* WeatherUITests.swift in Sources */,
				B9CD6D972CA15B6200B57F88 /* WeatherUITestsLaunchTests.swift in Sources */,
			);
			runOnlyForDeploymentPostprocessing = 0;
		};
/* End PBXSourcesBuildPhase section */

/* Begin PBXTargetDependency section */
		B9CD6D882CA15B6200B57F88 /* PBXTargetDependency */ = {
			isa = PBXTargetDependency;
			target = B9CD6D752CA15B6000B57F88 /* Weather */;
			targetProxy = B9CD6D872CA15B6200B57F88 /* PBXContainerItemProxy */;
		};
		B9CD6D922CA15B6200B57F88 /* PBXTargetDependency */ = {
			isa = PBXTargetDependency;
			target = B9CD6D752CA15B6000B57F88 /* Weather */;
			targetProxy = B9CD6D912CA15B6200B57F88 /* PBXContainerItemProxy */;
		};
/* End PBXTargetDependency section */

/* Begin XCBuildConfiguration section */
		B9CD6D982CA15B6200B57F88 /* Debug */ = {
			isa = XCBuildConfiguration;
			buildSettings = {
				ALWAYS_SEARCH_USER_PATHS = NO;
				ASSETCATALOG_COMPILER_GENERATE_SWIFT_ASSET_SYMBOL_EXTENSIONS = YES;
				CLANG_ANALYZER_NONNULL = YES;
				CLANG_ANALYZER_NUMBER_OBJECT_CONVERSION = YES_AGGRESSIVE;
				CLANG_CXX_LANGUAGE_STANDARD = "gnu++20";
				CLANG_ENABLE_MODULES = YES;
				CLANG_ENABLE_OBJC_ARC = YES;
				CLANG_ENABLE_OBJC_WEAK = YES;
				CLANG_WARN_BLOCK_CAPTURE_AUTORELEASING = YES;
				CLANG_WARN_BOOL_CONVERSION = YES;
				CLANG_WARN_COMMA = YES;
				CLANG_WARN_CONSTANT_CONVERSION = YES;
				CLANG_WARN_DEPRECATED_OBJC_IMPLEMENTATIONS = YES;
				CLANG_WARN_DIRECT_OBJC_ISA_USAGE = YES_ERROR;
				CLANG_WARN_DOCUMENTATION_COMMENTS = YES;
				CLANG_WARN_EMPTY_BODY = YES;
				CLANG_WARN_ENUM_CONVERSION = YES;
				CLANG_WARN_INFINITE_RECURSION = YES;
				CLANG_WARN_INT_CONVERSION = YES;
				CLANG_WARN_NON_LITERAL_NULL_CONVERSION = YES;
				CLANG_WARN_OBJC_IMPLICIT_RETAIN_SELF = YES;
				CLANG_WARN_OBJC_LITERAL_CONVERSION = YES;
				CLANG_WARN_OBJC_ROOT_CLASS = YES_ERROR;
				CLANG_WARN_QUOTED_INCLUDE_IN_FRAMEWORK_HEADER = YES;
				CLANG_WARN_RANGE_LOOP_ANALYSIS = YES;
				CLANG_WARN_STRICT_PROTOTYPES = YES;
				CLANG_WARN_SUSPICIOUS_MOVE = YES;
				CLANG_WARN_UNGUARDED_AVAILABILITY = YES_AGGRESSIVE;
				CLANG_WARN_UNREACHABLE_CODE = YES;
				CLANG_WARN__DUPLICATE_METHOD_MATCH = YES;
				COPY_PHASE_STRIP = NO;
				DEBUG_INFORMATION_FORMAT = dwarf;
				ENABLE_STRICT_OBJC_MSGSEND = YES;
				ENABLE_TESTABILITY = YES;
				ENABLE_USER_SCRIPT_SANDBOXING = YES;
				GCC_C_LANGUAGE_STANDARD = gnu17;
				GCC_DYNAMIC_NO_PIC = NO;
				GCC_NO_COMMON_BLOCKS = YES;
				GCC_OPTIMIZATION_LEVEL = 0;
				GCC_PREPROCESSOR_DEFINITIONS = (
					"DEBUG=1",
					"$(inherited)",
				);
				GCC_WARN_64_TO_32_BIT_CONVERSION = YES;
				GCC_WARN_ABOUT_RETURN_TYPE = YES_ERROR;
				GCC_WARN_UNDECLARED_SELECTOR = YES;
				GCC_WARN_UNINITIALIZED_AUTOS = YES_AGGRESSIVE;
				GCC_WARN_UNUSED_FUNCTION = YES;
				GCC_WARN_UNUSED_VARIABLE = YES;
				IPHONEOS_DEPLOYMENT_TARGET = 17.5;
				LOCALIZATION_PREFERS_STRING_CATALOGS = YES;
				MTL_ENABLE_DEBUG_INFO = INCLUDE_SOURCE;
				MTL_FAST_MATH = YES;
				ONLY_ACTIVE_ARCH = YES;
				SDKROOT = iphoneos;
				SWIFT_ACTIVE_COMPILATION_CONDITIONS = "DEBUG $(inherited)";
				SWIFT_OPTIMIZATION_LEVEL = "-Onone";
			};
			name = Debug;
		};
		B9CD6D992CA15B6200B57F88 /* Release */ = {
			isa = XCBuildConfiguration;
			buildSettings = {
				ALWAYS_SEARCH_USER_PATHS = NO;
				ASSETCATALOG_COMPILER_GENERATE_SWIFT_ASSET_SYMBOL_EXTENSIONS = YES;
				CLANG_ANALYZER_NONNULL = YES;
				CLANG_ANALYZER_NUMBER_OBJECT_CONVERSION = YES_AGGRESSIVE;
				CLANG_CXX_LANGUAGE_STANDARD = "gnu++20";
				CLANG_ENABLE_MODULES = YES;
				CLANG_ENABLE_OBJC_ARC = YES;
				CLANG_ENABLE_OBJC_WEAK = YES;
				CLANG_WARN_BLOCK_CAPTURE_AUTORELEASING = YES;
				CLANG_WARN_BOOL_CONVERSION = YES;
				CLANG_WARN_COMMA = YES;
				CLANG_WARN_CONSTANT_CONVERSION = YES;
				CLANG_WARN_DEPRECATED_OBJC_IMPLEMENTATIONS = YES;
				CLANG_WARN_DIRECT_OBJC_ISA_USAGE = YES_ERROR;
				CLANG_WARN_DOCUMENTATION_COMMENTS = YES;
				CLANG_WARN_EMPTY_BODY = YES;
				CLANG_WARN_ENUM_CONVERSION = YES;
				CLANG_WARN_INFINITE_RECURSION = YES;
				CLANG_WARN_INT_CONVERSION = YES;
				CLANG_WARN_NON_LITERAL_NULL_CONVERSION = YES;
				CLANG_WARN_OBJC_IMPLICIT_RETAIN_SELF = YES;
				CLANG_WARN_OBJC_LITERAL_CONVERSION = YES;
				CLANG_WARN_OBJC_ROOT_CLASS = YES_ERROR;
				CLANG_WARN_QUOTED_INCLUDE_IN_FRAMEWORK_HEADER = YES;
				CLANG_WARN_RANGE_LOOP_ANALYSIS = YES;
				CLANG_WARN_STRICT_PROTOTYPES = YES;
				CLANG_WARN_SUSPICIOUS_MOVE = YES;
				CLANG_WARN_UNGUARDED_AVAILABILITY = YES_AGGRESSIVE;
				CLANG_WARN_UNREACHABLE_CODE = YES;
				CLANG_WARN__DUPLICATE_METHOD_MATCH = YES;
				COPY_PHASE_STRIP = NO;
				DEBUG_INFORMATION_FORMAT = "dwarf-with-dsym";
				ENABLE_NS_ASSERTIONS = NO;
				ENABLE_STRICT_OBJC_MSGSEND = YES;
				ENABLE_USER_SCRIPT_SANDBOXING = YES;
				GCC_C_LANGUAGE_STANDARD = gnu17;
				GCC_NO_COMMON_BLOCKS = YES;
				GCC_WARN_64_TO_32_BIT_CONVERSION = YES;
				GCC_WARN_ABOUT_RETURN_TYPE = YES_ERROR;
				GCC_WARN_UNDECLARED_SELECTOR = YES;
				GCC_WARN_UNINITIALIZED_AUTOS = YES_AGGRESSIVE;
				GCC_WARN_UNUSED_FUNCTION = YES;
				GCC_WARN_UNUSED_VARIABLE = YES;
				IPHONEOS_DEPLOYMENT_TARGET = 17.5;
				LOCALIZATION_PREFERS_STRING_CATALOGS = YES;
				MTL_ENABLE_DEBUG_INFO = NO;
				MTL_FAST_MATH = YES;
				SDKROOT = iphoneos;
				SWIFT_COMPILATION_MODE = wholemodule;
				VALIDATE_PRODUCT = YES;
			};
			name = Release;
		};
		B9CD6D9B2CA15B6200B57F88 /* Debug */ = {
			isa = XCBuildConfiguration;
			buildSettings = {
				ASSETCATALOG_COMPILER_APPICON_NAME = AppIcon;
				ASSETCATALOG_COMPILER_GLOBAL_ACCENT_COLOR_NAME = AccentColor;
				CODE_SIGN_STYLE = Automatic;
				CURRENT_PROJECT_VERSION = 1;
				DEVELOPMENT_ASSET_PATHS = "\"Weather/Resources/Preview Content\"";
				DEVELOPMENT_TEAM = 3PFDRPLY6N;
				ENABLE_PREVIEWS = YES;
				GENERATE_INFOPLIST_FILE = YES;
				INFOPLIST_KEY_UIApplicationSceneManifest_Generation = YES;
				INFOPLIST_KEY_UIApplicationSupportsIndirectInputEvents = YES;
				INFOPLIST_KEY_UILaunchScreen_Generation = YES;
				INFOPLIST_KEY_UISupportedInterfaceOrientations_iPad = "UIInterfaceOrientationPortrait UIInterfaceOrientationPortraitUpsideDown UIInterfaceOrientationLandscapeLeft UIInterfaceOrientationLandscapeRight";
				INFOPLIST_KEY_UISupportedInterfaceOrientations_iPhone = "UIInterfaceOrientationPortrait UIInterfaceOrientationLandscapeLeft UIInterfaceOrientationLandscapeRight";
				LD_RUNPATH_SEARCH_PATHS = (
					"$(inherited)",
					"@executable_path/Frameworks",
				);
				MARKETING_VERSION = 1.0;
				PRODUCT_BUNDLE_IDENTIFIER = com.jungjeehouk.Weather;
				PRODUCT_NAME = "$(TARGET_NAME)";
				SWIFT_EMIT_LOC_STRINGS = YES;
				SWIFT_VERSION = 5.0;
				TARGETED_DEVICE_FAMILY = "1,2";
			};
			name = Debug;
		};
		B9CD6D9C2CA15B6200B57F88 /* Release */ = {
			isa = XCBuildConfiguration;
			buildSettings = {
				ASSETCATALOG_COMPILER_APPICON_NAME = AppIcon;
				ASSETCATALOG_COMPILER_GLOBAL_ACCENT_COLOR_NAME = AccentColor;
				CODE_SIGN_STYLE = Automatic;
				CURRENT_PROJECT_VERSION = 1;
				DEVELOPMENT_ASSET_PATHS = "\"Weather/Resources/Preview Content\"";
				DEVELOPMENT_TEAM = 3PFDRPLY6N;
				ENABLE_PREVIEWS = YES;
				GENERATE_INFOPLIST_FILE = YES;
				INFOPLIST_KEY_UIApplicationSceneManifest_Generation = YES;
				INFOPLIST_KEY_UIApplicationSupportsIndirectInputEvents = YES;
				INFOPLIST_KEY_UILaunchScreen_Generation = YES;
				INFOPLIST_KEY_UISupportedInterfaceOrientations_iPad = "UIInterfaceOrientationPortrait UIInterfaceOrientationPortraitUpsideDown UIInterfaceOrientationLandscapeLeft UIInterfaceOrientationLandscapeRight";
				INFOPLIST_KEY_UISupportedInterfaceOrientations_iPhone = "UIInterfaceOrientationPortrait UIInterfaceOrientationLandscapeLeft UIInterfaceOrientationLandscapeRight";
				LD_RUNPATH_SEARCH_PATHS = (
					"$(inherited)",
					"@executable_path/Frameworks",
				);
				MARKETING_VERSION = 1.0;
				PRODUCT_BUNDLE_IDENTIFIER = com.jungjeehouk.Weather;
				PRODUCT_NAME = "$(TARGET_NAME)";
				SWIFT_EMIT_LOC_STRINGS = YES;
				SWIFT_VERSION = 5.0;
				TARGETED_DEVICE_FAMILY = "1,2";
			};
			name = Release;
		};
		B9CD6D9E2CA15B6200B57F88 /* Debug */ = {
			isa = XCBuildConfiguration;
			buildSettings = {
				ALWAYS_EMBED_SWIFT_STANDARD_LIBRARIES = YES;
				BUNDLE_LOADER = "$(TEST_HOST)";
				CODE_SIGN_STYLE = Automatic;
				CURRENT_PROJECT_VERSION = 1;
				DEVELOPMENT_TEAM = 3PFDRPLY6N;
				GENERATE_INFOPLIST_FILE = YES;
				IPHONEOS_DEPLOYMENT_TARGET = 17.5;
				MARKETING_VERSION = 1.0;
				PRODUCT_BUNDLE_IDENTIFIER = com.jungjeehouk.WeatherTests;
				PRODUCT_NAME = "$(TARGET_NAME)";
				SWIFT_EMIT_LOC_STRINGS = NO;
				SWIFT_VERSION = 5.0;
				TARGETED_DEVICE_FAMILY = "1,2";
				TEST_HOST = "$(BUILT_PRODUCTS_DIR)/Weather.app/$(BUNDLE_EXECUTABLE_FOLDER_PATH)/Weather";
			};
			name = Debug;
		};
		B9CD6D9F2CA15B6200B57F88 /* Release */ = {
			isa = XCBuildConfiguration;
			buildSettings = {
				ALWAYS_EMBED_SWIFT_STANDARD_LIBRARIES = YES;
				BUNDLE_LOADER = "$(TEST_HOST)";
				CODE_SIGN_STYLE = Automatic;
				CURRENT_PROJECT_VERSION = 1;
				DEVELOPMENT_TEAM = 3PFDRPLY6N;
				GENERATE_INFOPLIST_FILE = YES;
				IPHONEOS_DEPLOYMENT_TARGET = 17.5;
				MARKETING_VERSION = 1.0;
				PRODUCT_BUNDLE_IDENTIFIER = com.jungjeehouk.WeatherTests;
				PRODUCT_NAME = "$(TARGET_NAME)";
				SWIFT_EMIT_LOC_STRINGS = NO;
				SWIFT_VERSION = 5.0;
				TARGETED_DEVICE_FAMILY = "1,2";
				TEST_HOST = "$(BUILT_PRODUCTS_DIR)/Weather.app/$(BUNDLE_EXECUTABLE_FOLDER_PATH)/Weather";
			};
			name = Release;
		};
		B9CD6DA12CA15B6200B57F88 /* Debug */ = {
			isa = XCBuildConfiguration;
			buildSettings = {
				ALWAYS_EMBED_SWIFT_STANDARD_LIBRARIES = YES;
				CODE_SIGN_STYLE = Automatic;
				CURRENT_PROJECT_VERSION = 1;
				DEVELOPMENT_TEAM = 3PFDRPLY6N;
				GENERATE_INFOPLIST_FILE = YES;
				MARKETING_VERSION = 1.0;
				PRODUCT_BUNDLE_IDENTIFIER = com.jungjeehouk.WeatherUITests;
				PRODUCT_NAME = "$(TARGET_NAME)";
				SWIFT_EMIT_LOC_STRINGS = NO;
				SWIFT_VERSION = 5.0;
				TARGETED_DEVICE_FAMILY = "1,2";
				TEST_TARGET_NAME = Weather;
			};
			name = Debug;
		};
		B9CD6DA22CA15B6200B57F88 /* Release */ = {
			isa = XCBuildConfiguration;
			buildSettings = {
				ALWAYS_EMBED_SWIFT_STANDARD_LIBRARIES = YES;
				CODE_SIGN_STYLE = Automatic;
				CURRENT_PROJECT_VERSION = 1;
				DEVELOPMENT_TEAM = 3PFDRPLY6N;
				GENERATE_INFOPLIST_FILE = YES;
				MARKETING_VERSION = 1.0;
				PRODUCT_BUNDLE_IDENTIFIER = com.jungjeehouk.WeatherUITests;
				PRODUCT_NAME = "$(TARGET_NAME)";
				SWIFT_EMIT_LOC_STRINGS = NO;
				SWIFT_VERSION = 5.0;
				TARGETED_DEVICE_FAMILY = "1,2";
				TEST_TARGET_NAME = Weather;
			};
			name = Release;
		};
/* End XCBuildConfiguration section */

/* Begin XCConfigurationList section */
		B9CD6D712CA15B6000B57F88 /* Build configuration list for PBXProject "Weather" */ = {
			isa = XCConfigurationList;
			buildConfigurations = (
				B9CD6D982CA15B6200B57F88 /* Debug */,
				B9CD6D992CA15B6200B57F88 /* Release */,
			);
			defaultConfigurationIsVisible = 0;
			defaultConfigurationName = Release;
		};
		B9CD6D9A2CA15B6200B57F88 /* Build configuration list for PBXNativeTarget "Weather" */ = {
			isa = XCConfigurationList;
			buildConfigurations = (
				B9CD6D9B2CA15B6200B57F88 /* Debug */,
				B9CD6D9C2CA15B6200B57F88 /* Release */,
			);
			defaultConfigurationIsVisible = 0;
			defaultConfigurationName = Release;
		};
		B9CD6D9D2CA15B6200B57F88 /* Build configuration list for PBXNativeTarget "WeatherTests" */ = {
			isa = XCConfigurationList;
			buildConfigurations = (
				B9CD6D9E2CA15B6200B57F88 /* Debug */,
				B9CD6D9F2CA15B6200B57F88 /* Release */,
			);
			defaultConfigurationIsVisible = 0;
			defaultConfigurationName = Release;
		};
		B9CD6DA02CA15B6200B57F88 /* Build configuration list for PBXNativeTarget "WeatherUITests" */ = {
			isa = XCConfigurationList;
			buildConfigurations = (
				B9CD6DA12CA15B6200B57F88 /* Debug */,
				B9CD6DA22CA15B6200B57F88 /* Release */,
			);
			defaultConfigurationIsVisible = 0;
			defaultConfigurationName = Release;
		};
/* End XCConfigurationList section */

/* Begin XCRemoteSwiftPackageReference section */
		B9E8D6FF2CB3F22F00A779E6 /* XCRemoteSwiftPackageReference "swift-composable-architecture" */ = {
			isa = XCRemoteSwiftPackageReference;
			repositoryURL = "https://github.com/pointfreeco/swift-composable-architecture.git";
			requirement = {
				kind = upToNextMinorVersion;
				minimumVersion = 1.15.0;
			};
		};
/* End XCRemoteSwiftPackageReference section */

/* Begin XCSwiftPackageProductDependency section */
		B9E8D7002CB3F23000A779E6 /* ComposableArchitecture */ = {
			isa = XCSwiftPackageProductDependency;
			package = B9E8D6FF2CB3F22F00A779E6 /* XCRemoteSwiftPackageReference "swift-composable-architecture" */;
			productName = ComposableArchitecture;
		};
/* End XCSwiftPackageProductDependency section */
	};
	rootObject = B9CD6D6E2CA15B6000B57F88 /* Project object */;
}
